
Microsoft Visual Studio Solution File, Format Version 12.00
# Visual Studio 15
VisualStudioVersion = 15.0.27428.2027
MinimumVisualStudioVersion = 10.0.40219.1
Project("{FAE04EC0-301F-11D3-BF4B-00C04F79EFBC}") = "Ej1", "Ej1\Ej1.csproj", "{D95A4BB5-3ECF-4BEB-AB3D-6471CAEDF047}"
EndProject
Global
	GlobalSection(SolutionConfigurationPlatforms) = preSolution
		Debug|Any CPU = Debug|Any CPU
		Release|Any CPU = Release|Any CPU
	EndGlobalSection
	GlobalSection(ProjectConfigurationPlatforms) = postSolution
		{D95A4BB5-3ECF-4BEB-AB3D-6471CAEDF047}.Debug|Any CPU.ActiveCfg = Debug|Any CPU
		{D95A4BB5-3ECF-4BEB-AB3D-6471CAEDF047}.Debug|Any CPU.Build.0 = Debug|Any CPU
		{D95A4BB5-3ECF-4BEB-AB3D-6471CAEDF047}.Release|Any CPU.ActiveCfg = Release|Any CPU
		{D95A4BB5-3ECF-4BEB-AB3D-6471CAEDF047}.Release|Any CPU.Build.0 = Release|Any CPU
	EndGlobalSection
	GlobalSection(SolutionProperties) = preSolution
		HideSolutionNode = FALSE
	EndGlobalSection
	GlobalSection(ExtensibilityGlobals) = postSolution
		SolutionGuid = {FF1403AB-0DE3-4374-8402-83BC7737C366}
	EndGlobalSection
EndGlobal
